<?xml version="1.0" encoding="utf-8"?>
<Project ToolsVersion="4.0" xmlns="http://schemas.microsoft.com/developer/msbuild/2003">
  <ItemGroup>
    <Filter Include="Source Files">
      <UniqueIdentifier>{4FC737F1-C7A5-4376-A066-2A32D752A2FF}</UniqueIdentifier>
      <Extensions>cpp;c;cc;cxx;c++;cppm;ixx;def;odl;idl;hpj;bat;asm;asmx</Extensions>
    </Filter>
    <Filter Include="Header Files">
      <UniqueIdentifier>{93995380-89BD-4b04-88EB-625FBE52EBFB}</UniqueIdentifier>
      <Extensions>h;hh;hpp;hxx;h++;hm;inl;inc;ipp;xsd</Extensions>
    </Filter>
    <Filter Include="Resource Files">
      <UniqueIdentifier>{67DA6AB6-F800-4c08-8B7A-83BB121AAD01}</UniqueIdentifier>
      <Extensions>rc;ico;cur;bmp;dlg;rc2;rct;bin;rgs;gif;jpg;jpeg;jpe;resx;tiff;tif;png;wav;mfcribbon-ms</Extensions>
    </Filter>
  </ItemGroup>
  <ItemGroup>
    <ClCompile Include="FantasySack.cpp">
      <Filter>Source Files</Filter>
    </ClCompile>
    <ClCompile Include="Season.cpp">
      <Filter>Source Files</Filter>
    </ClCompile>
    <ClCompile Include="Team.cpp">
      <Filter>Source Files</Filter>
    </ClCompile>
    <ClCompile Include="Solver.cpp">
      <Filter>Source Files</Filter>
    </ClCompile>
    <ClCompile Include="Utils.cpp">
      <Filter>Source Files</Filter>
    </ClCompile>
    <ClCompile Include="WildCardStrategy.cpp">
      <Filter>Source Files</Filter>
    </ClCompile>
    <ClCompile Include="PointsStrategy.cpp">
      <Filter>Source Files</Filter>
    </ClCompile>
    <ClCompile Include="ExpectedPointsStrategy.cpp">
      <Filter>Source Files</Filter>
    </ClCompile>
  </ItemGroup>
  <ItemGroup>
    <Text Include="2017-18.txt" />
    <Text Include="2017-18_gw.txt" />
    <Text Include="2018-19.txt" />
    <Text Include="2018-19_gw.txt" />
    <Text Include="2016-17_gw.txt" />
    <Text Include="2016-17.txt" />
    <Text Include="2018-19_gw_opta.txt" />
    <Text Include="2019-20_xpts.txt" />
    <Text Include="2019-20_gw_xpts.txt" />
    <Text Include="2019-20.txt" />
    <Text Include="2019-20_gw.txt" />
    <Text Include="2020-21_xpts.txt" />
    <Text Include="2020-21.txt" />
    <Text Include="2019-20_opta.txt" />
    <Text Include="2019-20_gw_opta.txt" />
  </ItemGroup>
  <ItemGroup>
    <None Include="2018-19_opta.txt" />
  </ItemGroup>
  <ItemGroup>
    <ClInclude Include="Season.h">
      <Filter>Header Files</Filter>
    </ClInclude>
    <ClInclude Include="Team.h">
      <Filter>Header Files</Filter>
    </ClInclude>
    <ClInclude Include="Solver.h">
      <Filter>Header Files</Filter>
    </ClInclude>
    <ClInclude Include="Utils.h">
      <Filter>Header Files</Filter>
    </ClInclude>
    <ClInclude Include="WildCardStrategy.h">
      <Filter>Header Files</Filter>
    </ClInclude>
    <ClInclude Include="PointsStrategy.h">
      <Filter>Header Files</Filter>
    </ClInclude>
    <ClInclude Include="ExpectedPointsStrategy.h">
      <Filter>Header Files</Filter>
    </ClInclude>
  </ItemGroup>
</Project>